
Microsoft Visual Studio Solution File, Format Version 12.00
# Visual Studio Version 17
VisualStudioVersion = 17.5.33627.172
MinimumVisualStudioVersion = 10.0.40219.1
Project("{FAE04EC0-301F-11D3-BF4B-00C04F79EFBC}") = "Parser", "Parser\Parser.csproj", "{45F9AE31-AB00-4952-BFCA-636C13D12604}"
EndProject
Global
	GlobalSection(SolutionConfigurationPlatforms) = preSolution
		Debug|Any CPU = Debug|Any CPU
		Release|Any CPU = Release|Any CPU
	EndGlobalSection
	GlobalSection(ProjectConfigurationPlatforms) = postSolution
		{45F9AE31-AB00-4952-BFCA-636C13D12604}.Debug|Any CPU.ActiveCfg = Debug|Any CPU
		{45F9AE31-AB00-4952-BFCA-636C13D12604}.Debug|Any CPU.Build.0 = Debug|Any CPU
		{45F9AE31-AB00-4952-BFCA-636C13D12604}.Release|Any CPU.ActiveCfg = Release|Any CPU
		{45F9AE31-AB00-4952-BFCA-636C13D12604}.Release|Any CPU.Build.0 = Release|Any CPU
	EndGlobalSection
	GlobalSection(SolutionProperties) = preSolution
		HideSolutionNode = FALSE
	EndGlobalSection
	GlobalSection(ExtensibilityGlobals) = postSolution
		SolutionGuid = {C03ED3BD-ACE8-423C-AAD8-02643028C822}
	EndGlobalSection
EndGlobal
